
Microsoft Visual Studio Solution File, Format Version 12.00
# Visual Studio Version 17
VisualStudioVersion = 17.2.32516.85
MinimumVisualStudioVersion = 10.0.40219.1
Project("{FAE04EC0-301F-11D3-BF4B-00C04F79EFBC}") = "CoffeeShop", "CoffeeShop\CoffeeShop.csproj", "{77598350-FE7E-4449-B71D-E19BB44D1A79}"
EndProject
Global
	GlobalSection(SolutionConfigurationPlatforms) = preSolution
		Debug|Any CPU = Debug|Any CPU
		Release|Any CPU = Release|Any CPU
	EndGlobalSection
	GlobalSection(ProjectConfigurationPlatforms) = postSolution
		{77598350-FE7E-4449-B71D-E19BB44D1A79}.Debug|Any CPU.ActiveCfg = Debug|Any CPU
		{77598350-FE7E-4449-B71D-E19BB44D1A79}.Debug|Any CPU.Build.0 = Debug|Any CPU
		{77598350-FE7E-4449-B71D-E19BB44D1A79}.Release|Any CPU.ActiveCfg = Release|Any CPU
		{77598350-FE7E-4449-B71D-E19BB44D1A79}.Release|Any CPU.Build.0 = Release|Any CPU
	EndGlobalSection
	GlobalSection(SolutionProperties) = preSolution
		HideSolutionNode = FALSE
	EndGlobalSection
	GlobalSection(ExtensibilityGlobals) = postSolution
		SolutionGuid = {011B5C03-D0B1-45A2-BF28-6BA302AC82AE}
	EndGlobalSection
EndGlobal
